
Microsoft Visual Studio Solution File, Format Version 12.00
# Visual Studio Version 17
VisualStudioVersion = 17.4.33213.308
MinimumVisualStudioVersion = 10.0.40219.1
Project("{FAE04EC0-301F-11D3-BF4B-00C04F79EFBC}") = "Seminar04", "Seminar04.csproj", "{AAA8708C-A0CA-4826-8D33-666824B96213}"
EndProject
Global
	GlobalSection(SolutionConfigurationPlatforms) = preSolution
		Debug|Any CPU = Debug|Any CPU
		Release|Any CPU = Release|Any CPU
	EndGlobalSection
	GlobalSection(ProjectConfigurationPlatforms) = postSolution
		{AAA8708C-A0CA-4826-8D33-666824B96213}.Debug|Any CPU.ActiveCfg = Debug|Any CPU
		{AAA8708C-A0CA-4826-8D33-666824B96213}.Debug|Any CPU.Build.0 = Debug|Any CPU
		{AAA8708C-A0CA-4826-8D33-666824B96213}.Release|Any CPU.ActiveCfg = Release|Any CPU
		{AAA8708C-A0CA-4826-8D33-666824B96213}.Release|Any CPU.Build.0 = Release|Any CPU
	EndGlobalSection
	GlobalSection(SolutionProperties) = preSolution
		HideSolutionNode = FALSE
	EndGlobalSection
	GlobalSection(ExtensibilityGlobals) = postSolution
		SolutionGuid = {D42F44AC-4851-450E-86E5-63E3A4BA159F}
	EndGlobalSection
EndGlobal
